
Microsoft Visual Studio Solution File, Format Version 12.00
# Visual Studio Version 17
VisualStudioVersion = 17.6.33815.320
MinimumVisualStudioVersion = 10.0.40219.1
Project("{54A90642-561A-4BB1-A94E-469ADEE60C69}") = "QuizApp", "reactapp\QuizApp.esproj", "{EC27F532-ECA8-421C-BFBB-E5BD9798A67E}"
EndProject
Project("{9A19103F-16F7-4668-BE54-9A1E7A4F7556}") = "QuizAPI", "webapi\QuizAPI.csproj", "{0629F4A8-7750-48F0-92A7-0C1B05A7A931}"
EndProject
Global
	GlobalSection(SolutionConfigurationPlatforms) = preSolution
		Debug|Any CPU = Debug|Any CPU
		Release|Any CPU = Release|Any CPU
	EndGlobalSection
	GlobalSection(ProjectConfigurationPlatforms) = postSolution
		{EC27F532-ECA8-421C-BFBB-E5BD9798A67E}.Debug|Any CPU.ActiveCfg = Debug|Any CPU
		{EC27F532-ECA8-421C-BFBB-E5BD9798A67E}.Debug|Any CPU.Build.0 = Debug|Any CPU
		{EC27F532-ECA8-421C-BFBB-E5BD9798A67E}.Debug|Any CPU.Deploy.0 = Debug|Any CPU
		{EC27F532-ECA8-421C-BFBB-E5BD9798A67E}.Release|Any CPU.ActiveCfg = Release|Any CPU
		{EC27F532-ECA8-421C-BFBB-E5BD9798A67E}.Release|Any CPU.Build.0 = Release|Any CPU
		{EC27F532-ECA8-421C-BFBB-E5BD9798A67E}.Release|Any CPU.Deploy.0 = Release|Any CPU
		{0629F4A8-7750-48F0-92A7-0C1B05A7A931}.Debug|Any CPU.ActiveCfg = Debug|Any CPU
		{0629F4A8-7750-48F0-92A7-0C1B05A7A931}.Debug|Any CPU.Build.0 = Debug|Any CPU
		{0629F4A8-7750-48F0-92A7-0C1B05A7A931}.Release|Any CPU.ActiveCfg = Release|Any CPU
		{0629F4A8-7750-48F0-92A7-0C1B05A7A931}.Release|Any CPU.Build.0 = Release|Any CPU
	EndGlobalSection
	GlobalSection(SolutionProperties) = preSolution
		HideSolutionNode = FALSE
	EndGlobalSection
	GlobalSection(ExtensibilityGlobals) = postSolution
		SolutionGuid = {720A7347-E879-4A11-8CED-0CA29D15B47F}
	EndGlobalSection
EndGlobal
